// !$*UTF8*$!
{
	archiveVersion = 1;
	classes = {
	};
	objectVersion = 55;
	objects = {

/* Begin PBXBuildFile section */
		1D88D2F728FD8B5300FDC7EE /* CaruoselViewApp.swift in Sources */ = {isa = PBXBuildFile; fileRef = 1D88D2F628FD8B5300FDC7EE /* CaruoselViewApp.swift */; };
		1D88D2F928FD8B5300FDC7EE /* ContentView.swift in Sources */ = {isa = PBXBuildFile; fileRef = 1D88D2F828FD8B5300FDC7EE /* ContentView.swift */; };
		1D88D2FB28FD8B5400FDC7EE /* Assets.xcassets in Resources */ = {isa = PBXBuildFile; fileRef = 1D88D2FA28FD8B5400FDC7EE /* Assets.xcassets */; };
		1D88D2FE28FD8B5400FDC7EE /* Preview Assets.xcassets in Resources */ = {isa = PBXBuildFile; fileRef = 1D88D2FD28FD8B5400FDC7EE /* Preview Assets.xcassets */; };
		1D88D30528FD8F9700FDC7EE /* Movie.swift in Sources */ = {isa = PBXBuildFile; fileRef = 1D88D30428FD8F9700FDC7EE /* Movie.swift */; };
		1D88D30828FD904C00FDC7EE /* Home.swift in Sources */ = {isa = PBXBuildFile; fileRef = 1D88D30728FD904C00FDC7EE /* Home.swift */; };
		1D88D30C28FD928100FDC7EE /* HeaderView.swift in Sources */ = {isa = PBXBuildFile; fileRef = 1D88D30B28FD928100FDC7EE /* HeaderView.swift */; };
		1D88D30E28FD949D00FDC7EE /* CustomSearchBarView.swift in Sources */ = {isa = PBXBuildFile; fileRef = 1D88D30D28FD949D00FDC7EE /* CustomSearchBarView.swift */; };
		1D88D31028FD96C900FDC7EE /* CustomTabBarView.swift in Sources */ = {isa = PBXBuildFile; fileRef = 1D88D30F28FD96C800FDC7EE /* CustomTabBarView.swift */; };
		1D88D31228FD972900FDC7EE /* ItemsTabBar.swift in Sources */ = {isa = PBXBuildFile; fileRef = 1D88D31128FD972900FDC7EE /* ItemsTabBar.swift */; };
		1D88D31528FD9B8C00FDC7EE /* CustomCarouselView.swift in Sources */ = {isa = PBXBuildFile; fileRef = 1D88D31428FD9B8C00FDC7EE /* CustomCarouselView.swift */; };
/* End PBXBuildFile section */

/* Begin PBXFileReference section */
		1D88D2F328FD8B5300FDC7EE /* CaruoselView.app */ = {isa = PBXFileReference; explicitFileType = wrapper.application; includeInIndex = 0; path = CaruoselView.app; sourceTree = BUILT_PRODUCTS_DIR; };
		1D88D2F628FD8B5300FDC7EE /* CaruoselViewApp.swift */ = {isa = PBXFileReference; lastKnownFileType = sourcecode.swift; path = CaruoselViewApp.swift; sourceTree = "<group>"; };
		1D88D2F828FD8B5300FDC7EE /* ContentView.swift */ = {isa = PBXFileReference; lastKnownFileType = sourcecode.swift; path = ContentView.swift; sourceTree = "<group>"; };
		1D88D2FA28FD8B5400FDC7EE /* Assets.xcassets */ = {isa = PBXFileReference; lastKnownFileType = folder.assetcatalog; path = Assets.xcassets; sourceTree = "<group>"; };
		1D88D2FD28FD8B5400FDC7EE /* Preview Assets.xcassets */ = {isa = PBXFileReference; lastKnownFileType = folder.assetcatalog; path = "Preview Assets.xcassets"; sourceTree = "<group>"; };
		1D88D30428FD8F9700FDC7EE /* Movie.swift */ = {isa = PBXFileReference; lastKnownFileType = sourcecode.swift; path = Movie.swift; sourceTree = "<group>"; };
		1D88D30728FD904C00FDC7EE /* Home.swift */ = {isa = PBXFileReference; lastKnownFileType = sourcecode.swift; path = Home.swift; sourceTree = "<group>"; };
		1D88D30B28FD928100FDC7EE /* HeaderView.swift */ = {isa = PBXFileReference; lastKnownFileType = sourcecode.swift; path = HeaderView.swift; sourceTree = "<group>"; };
		1D88D30D28FD949D00FDC7EE /* CustomSearchBarView.swift */ = {isa = PBXFileReference; lastKnownFileType = sourcecode.swift; path = CustomSearchBarView.swift; sourceTree = "<group>"; };
		1D88D30F28FD96C800FDC7EE /* CustomTabBarView.swift */ = {isa = PBXFileReference; lastKnownFileType = sourcecode.swift; path = CustomTabBarView.swift; sourceTree = "<group>"; };
		1D88D31128FD972900FDC7EE /* ItemsTabBar.swift */ = {isa = PBXFileReference; lastKnownFileType = sourcecode.swift; path = ItemsTabBar.swift; sourceTree = "<group>"; };
		1D88D31428FD9B8C00FDC7EE /* CustomCarouselView.swift */ = {isa = PBXFileReference; lastKnownFileType = sourcecode.swift; path = CustomCarouselView.swift; sourceTree = "<group>"; };
/* End PBXFileReference section */

/* Begin PBXFrameworksBuildPhase section */
		1D88D2F028FD8B5300FDC7EE /* Frameworks */ = {
			isa = PBXFrameworksBuildPhase;
			buildActionMask = 2147483647;
			files = (
			);
			runOnlyForDeploymentPostprocessing = 0;
		};
/* End PBXFrameworksBuildPhase section */

/* Begin PBXGroup section */
		1D88D2EA28FD8B5300FDC7EE = {
			isa = PBXGroup;
			children = (
				1D88D2F528FD8B5300FDC7EE /* CaruoselView */,
				1D88D2F428FD8B5300FDC7EE /* Products */,
			);
			sourceTree = "<group>";
		};
		1D88D2F428FD8B5300FDC7EE /* Products */ = {
			isa = PBXGroup;
			children = (
				1D88D2F328FD8B5300FDC7EE /* CaruoselView.app */,
			);
			name = Products;
			sourceTree = "<group>";
		};
		1D88D2F528FD8B5300FDC7EE /* CaruoselView */ = {
			isa = PBXGroup;
			children = (
				1D88D30628FD900400FDC7EE /* Models */,
				1D88D30928FD905200FDC7EE /* View */,
				1D88D2F628FD8B5300FDC7EE /* CaruoselViewApp.swift */,
				1D88D2F828FD8B5300FDC7EE /* ContentView.swift */,
				1D88D30A28FD90B500FDC7EE /* Resource */,
				1D88D2FC28FD8B5400FDC7EE /* Preview Content */,
			);
			path = CaruoselView;
			sourceTree = "<group>";
		};
		1D88D2FC28FD8B5400FDC7EE /* Preview Content */ = {
			isa = PBXGroup;
			children = (
				1D88D2FD28FD8B5400FDC7EE /* Preview Assets.xcassets */,
			);
			path = "Preview Content";
			sourceTree = "<group>";
		};
		1D88D30628FD900400FDC7EE /* Models */ = {
			isa = PBXGroup;
			children = (
				1D88D30428FD8F9700FDC7EE /* Movie.swift */,
				1D88D31128FD972900FDC7EE /* ItemsTabBar.swift */,
			);
			path = Models;
			sourceTree = "<group>";
		};
		1D88D30928FD905200FDC7EE /* View */ = {
			isa = PBXGroup;
			children = (
				1D88D30728FD904C00FDC7EE /* Home.swift */,
				1D88D30B28FD928100FDC7EE /* HeaderView.swift */,
				1D88D30D28FD949D00FDC7EE /* CustomSearchBarView.swift */,
				1D88D30F28FD96C800FDC7EE /* CustomTabBarView.swift */,
				1D88D31428FD9B8C00FDC7EE /* CustomCarouselView.swift */,
			);
			name = View;
			sourceTree = "<group>";
		};
		1D88D30A28FD90B500FDC7EE /* Resource */ = {
			isa = PBXGroup;
			children = (
				1D88D2FA28FD8B5400FDC7EE /* Assets.xcassets */,
			);
			path = Resource;
			sourceTree = "<group>";
		};
/* End PBXGroup section */

/* Begin PBXNativeTarget section */
		1D88D2F228FD8B5300FDC7EE /* CaruoselView */ = {
			isa = PBXNativeTarget;
			buildConfigurationList = 1D88D30128FD8B5400FDC7EE /* Build configuration list for PBXNativeTarget "CaruoselView" */;
			buildPhases = (
				1D88D2EF28FD8B5300FDC7EE /* Sources */,
				1D88D2F028FD8B5300FDC7EE /* Frameworks */,
				1D88D2F128FD8B5300FDC7EE /* Resources */,
			);
			buildRules = (
			);
			dependencies = (
			);
			name = CaruoselView;
			productName = CaruoselView;
			productReference = 1D88D2F328FD8B5300FDC7EE /* CaruoselView.app */;
			productType = "com.apple.product-type.application";
		};
/* End PBXNativeTarget section */

/* Begin PBXProject section */
		1D88D2EB28FD8B5300FDC7EE /* Project object */ = {
			isa = PBXProject;
			attributes = {
				BuildIndependentTargetsInParallel = 1;
				LastSwiftUpdateCheck = 1340;
				LastUpgradeCheck = 1340;
				TargetAttributes = {
					1D88D2F228FD8B5300FDC7EE = {
						CreatedOnToolsVersion = 13.4.1;
					};
				};
			};
			buildConfigurationList = 1D88D2EE28FD8B5300FDC7EE /* Build configuration list for PBXProject "CaruoselView" */;
			compatibilityVersion = "Xcode 13.0";
			developmentRegion = en;
			hasScannedForEncodings = 0;
			knownRegions = (
				en,
				Base,
			);
			mainGroup = 1D88D2EA28FD8B5300FDC7EE;
			productRefGroup = 1D88D2F428FD8B5300FDC7EE /* Products */;
			projectDirPath = "";
			projectRoot = "";
			targets = (
				1D88D2F228FD8B5300FDC7EE /* CaruoselView */,
			);
		};
/* End PBXProject section */

/* Begin PBXResourcesBuildPhase section */
		1D88D2F128FD8B5300FDC7EE /* Resources */ = {
			isa = PBXResourcesBuildPhase;
			buildActionMask = 2147483647;
			files = (
				1D88D2FE28FD8B5400FDC7EE /* Preview Assets.xcassets in Resources */,
				1D88D2FB28FD8B5400FDC7EE /* Assets.xcassets in Resources */,
			);
			runOnlyForDeploymentPostprocessing = 0;
		};
/* End PBXResourcesBuildPhase section */

/* Begin PBXSourcesBuildPhase section */
		1D88D2EF28FD8B5300FDC7EE /* Sources */ = {
			isa = PBXSourcesBuildPhase;
			buildActionMask = 2147483647;
			files = (
				1D88D2F928FD8B5300FDC7EE /* ContentView.swift in Sources */,
				1D88D2F728FD8B5300FDC7EE /* CaruoselViewApp.swift in Sources */,
				1D88D31228FD972900FDC7EE /* ItemsTabBar.swift in Sources */,
				1D88D31028FD96C900FDC7EE /* CustomTabBarView.swift in Sources */,
				1D88D30828FD904C00FDC7EE /* Home.swift in Sources */,
				1D88D30C28FD928100FDC7EE /* HeaderView.swift in Sources */,
				1D88D30528FD8F9700FDC7EE /* Movie.swift in Sources */,
				1D88D30E28FD949D00FDC7EE /* CustomSearchBarView.swift in Sources */,
				1D88D31528FD9B8C00FDC7EE /* CustomCarouselView.swift in Sources */,
			);
			runOnlyForDeploymentPostprocessing = 0;
		};
/* End PBXSourcesBuildPhase section */

/* Begin XCBuildConfiguration section */
		1D88D2FF28FD8B5400FDC7EE /* Debug */ = {
			isa = XCBuildConfiguration;
			buildSettings = {
				ALWAYS_SEARCH_USER_PATHS = NO;
				CLANG_ANALYZER_NONNULL = YES;
				CLANG_ANALYZER_NUMBER_OBJECT_CONVERSION = YES_AGGRESSIVE;
				CLANG_CXX_LANGUAGE_STANDARD = "gnu++17";
				CLANG_ENABLE_MODULES = YES;
				CLANG_ENABLE_OBJC_ARC = YES;
				CLANG_ENABLE_OBJC_WEAK = YES;
				CLANG_WARN_BLOCK_CAPTURE_AUTORELEASING = YES;
				CLANG_WARN_BOOL_CONVERSION = YES;
				CLANG_WARN_COMMA = YES;
				CLANG_WARN_CONSTANT_CONVERSION = YES;
				CLANG_WARN_DEPRECATED_OBJC_IMPLEMENTATIONS = YES;
				CLANG_WARN_DIRECT_OBJC_ISA_USAGE = YES_ERROR;
				CLANG_WARN_DOCUMENTATION_COMMENTS = YES;
				CLANG_WARN_EMPTY_BODY = YES;
				CLANG_WARN_ENUM_CONVERSION = YES;
				CLANG_WARN_INFINITE_RECURSION = YES;
				CLANG_WARN_INT_CONVERSION = YES;
				CLANG_WARN_NON_LITERAL_NULL_CONVERSION = YES;
				CLANG_WARN_OBJC_IMPLICIT_RETAIN_SELF = YES;
				CLANG_WARN_OBJC_LITERAL_CONVERSION = YES;
				CLANG_WARN_OBJC_ROOT_CLASS = YES_ERROR;
				CLANG_WARN_QUOTED_INCLUDE_IN_FRAMEWORK_HEADER = YES;
				CLANG_WARN_RANGE_LOOP_ANALYSIS = YES;
				CLANG_WARN_STRICT_PROTOTYPES = YES;
				CLANG_WARN_SUSPICIOUS_MOVE = YES;
				CLANG_WARN_UNGUARDED_AVAILABILITY = YES_AGGRESSIVE;
				CLANG_WARN_UNREACHABLE_CODE = YES;
				CLANG_WARN__DUPLICATE_METHOD_MATCH = YES;
				COPY_PHASE_STRIP = NO;
				DEBUG_INFORMATION_FORMAT = dwarf;
				ENABLE_STRICT_OBJC_MSGSEND = YES;
				ENABLE_TESTABILITY = YES;
				GCC_C_LANGUAGE_STANDARD = gnu11;
				GCC_DYNAMIC_NO_PIC = NO;
				GCC_NO_COMMON_BLOCKS = YES;
				GCC_OPTIMIZATION_LEVEL = 0;
				GCC_PREPROCESSOR_DEFINITIONS = (
					"DEBUG=1",
					"$(inherited)",
				);
				GCC_WARN_64_TO_32_BIT_CONVERSION = YES;
				GCC_WARN_ABOUT_RETURN_TYPE = YES_ERROR;
				GCC_WARN_UNDECLARED_SELECTOR = YES;
				GCC_WARN_UNINITIALIZED_AUTOS = YES_AGGRESSIVE;
				GCC_WARN_UNUSED_FUNCTION = YES;
				GCC_WARN_UNUSED_VARIABLE = YES;
				IPHONEOS_DEPLOYMENT_TARGET = 15.5;
				MTL_ENABLE_DEBUG_INFO = INCLUDE_SOURCE;
				MTL_FAST_MATH = YES;
				ONLY_ACTIVE_ARCH = YES;
				SDKROOT = iphoneos;
				SWIFT_ACTIVE_COMPILATION_CONDITIONS = DEBUG;
				SWIFT_OPTIMIZATION_LEVEL = "-Onone";
			};
			name = Debug;
		};
		1D88D30028FD8B5400FDC7EE /* Release */ = {
			isa = XCBuildConfiguration;
			buildSettings = {
				ALWAYS_SEARCH_USER_PATHS = NO;
				CLANG_ANALYZER_NONNULL = YES;
				CLANG_ANALYZER_NUMBER_OBJECT_CONVERSION = YES_AGGRESSIVE;
				CLANG_CXX_LANGUAGE_STANDARD = "gnu++17";
				CLANG_ENABLE_MODULES = YES;
				CLANG_ENABLE_OBJC_ARC = YES;
				CLANG_ENABLE_OBJC_WEAK = YES;
				CLANG_WARN_BLOCK_CAPTURE_AUTORELEASING = YES;
				CLANG_WARN_BOOL_CONVERSION = YES;
				CLANG_WARN_COMMA = YES;
				CLANG_WARN_CONSTANT_CONVERSION = YES;
				CLANG_WARN_DEPRECATED_OBJC_IMPLEMENTATIONS = YES;
				CLANG_WARN_DIRECT_OBJC_ISA_USAGE = YES_ERROR;
				CLANG_WARN_DOCUMENTATION_COMMENTS = YES;
				CLANG_WARN_EMPTY_BODY = YES;
				CLANG_WARN_ENUM_CONVERSION = YES;
				CLANG_WARN_INFINITE_RECURSION = YES;
				CLANG_WARN_INT_CONVERSION = YES;
				CLANG_WARN_NON_LITERAL_NULL_CONVERSION = YES;
				CLANG_WARN_OBJC_IMPLICIT_RETAIN_SELF = YES;
				CLANG_WARN_OBJC_LITERAL_CONVERSION = YES;
				CLANG_WARN_OBJC_ROOT_CLASS = YES_ERROR;
				CLANG_WARN_QUOTED_INCLUDE_IN_FRAMEWORK_HEADER = YES;
				CLANG_WARN_RANGE_LOOP_ANALYSIS = YES;
				CLANG_WARN_STRICT_PROTOTYPES = YES;
				CLANG_WARN_SUSPICIOUS_MOVE = YES;
				CLANG_WARN_UNGUARDED_AVAILABILITY = YES_AGGRESSIVE;
				CLANG_WARN_UNREACHABLE_CODE = YES;
				CLANG_WARN__DUPLICATE_METHOD_MATCH = YES;
				COPY_PHASE_STRIP = NO;
				DEBUG_INFORMATION_FORMAT = "dwarf-with-dsym";
				ENABLE_NS_ASSERTIONS = NO;
				ENABLE_STRICT_OBJC_MSGSEND = YES;
				GCC_C_LANGUAGE_STANDARD = gnu11;
				GCC_NO_COMMON_BLOCKS = YES;
				GCC_WARN_64_TO_32_BIT_CONVERSION = YES;
				GCC_WARN_ABOUT_RETURN_TYPE = YES_ERROR;
				GCC_WARN_UNDECLARED_SELECTOR = YES;
				GCC_WARN_UNINITIALIZED_AUTOS = YES_AGGRESSIVE;
				GCC_WARN_UNUSED_FUNCTION = YES;
				GCC_WARN_UNUSED_VARIABLE = YES;
				IPHONEOS_DEPLOYMENT_TARGET = 15.5;
				MTL_ENABLE_DEBUG_INFO = NO;
				MTL_FAST_MATH = YES;
				SDKROOT = iphoneos;
				SWIFT_COMPILATION_MODE = wholemodule;
				SWIFT_OPTIMIZATION_LEVEL = "-O";
				VALIDATE_PRODUCT = YES;
			};
			name = Release;
		};
		1D88D30228FD8B5400FDC7EE /* Debug */ = {
			isa = XCBuildConfiguration;
			buildSettings = {
				ASSETCATALOG_COMPILER_APPICON_NAME = AppIcon;
				ASSETCATALOG_COMPILER_GLOBAL_ACCENT_COLOR_NAME = AccentColor;
				CODE_SIGN_STYLE = Automatic;
				CURRENT_PROJECT_VERSION = 1;
				DEVELOPMENT_ASSET_PATHS = "\"CaruoselView/Preview Content\"";
				DEVELOPMENT_TEAM = JFBLHQ46UV;
				ENABLE_PREVIEWS = YES;
				GENERATE_INFOPLIST_FILE = YES;
				INFOPLIST_KEY_UIApplicationSceneManifest_Generation = YES;
				INFOPLIST_KEY_UIApplicationSupportsIndirectInputEvents = YES;
				INFOPLIST_KEY_UILaunchScreen_Generation = YES;
				INFOPLIST_KEY_UISupportedInterfaceOrientations_iPad = "UIInterfaceOrientationPortrait UIInterfaceOrientationPortraitUpsideDown UIInterfaceOrientationLandscapeLeft UIInterfaceOrientationLandscapeRight";
				INFOPLIST_KEY_UISupportedInterfaceOrientations_iPhone = "UIInterfaceOrientationPortrait UIInterfaceOrientationLandscapeLeft UIInterfaceOrientationLandscapeRight";
				LD_RUNPATH_SEARCH_PATHS = (
					"$(inherited)",
					"@executable_path/Frameworks",
				);
				MARKETING_VERSION = 1.0;
				PRODUCT_BUNDLE_IDENTIFIER = "Alik-and-CO.CaruoselView";
				PRODUCT_NAME = "$(TARGET_NAME)";
				SWIFT_EMIT_LOC_STRINGS = YES;
				SWIFT_VERSION = 5.0;
				TARGETED_DEVICE_FAMILY = "1,2";
			};
			name = Debug;
		};
		1D88D30328FD8B5400FDC7EE /* Release */ = {
			isa = XCBuildConfiguration;
			buildSettings = {
				ASSETCATALOG_COMPILER_APPICON_NAME = AppIcon;
				ASSETCATALOG_COMPILER_GLOBAL_ACCENT_COLOR_NAME = AccentColor;
				CODE_SIGN_STYLE = Automatic;
				CURRENT_PROJECT_VERSION = 1;
				DEVELOPMENT_ASSET_PATHS = "\"CaruoselView/Preview Content\"";
				DEVELOPMENT_TEAM = JFBLHQ46UV;
				ENABLE_PREVIEWS = YES;
				GENERATE_INFOPLIST_FILE = YES;
				INFOPLIST_KEY_UIApplicationSceneManifest_Generation = YES;
				INFOPLIST_KEY_UIApplicationSupportsIndirectInputEvents = YES;
				INFOPLIST_KEY_UILaunchScreen_Generation = YES;
				INFOPLIST_KEY_UISupportedInterfaceOrientations_iPad = "UIInterfaceOrientationPortrait UIInterfaceOrientationPortraitUpsideDown UIInterfaceOrientationLandscapeLeft UIInterfaceOrientationLandscapeRight";
				INFOPLIST_KEY_UISupportedInterfaceOrientations_iPhone = "UIInterfaceOrientationPortrait UIInterfaceOrientationLandscapeLeft UIInterfaceOrientationLandscapeRight";
				LD_RUNPATH_SEARCH_PATHS = (
					"$(inherited)",
					"@executable_path/Frameworks",
				);
				MARKETING_VERSION = 1.0;
				PRODUCT_BUNDLE_IDENTIFIER = "Alik-and-CO.CaruoselView";
				PRODUCT_NAME = "$(TARGET_NAME)";
				SWIFT_EMIT_LOC_STRINGS = YES;
				SWIFT_VERSION = 5.0;
				TARGETED_DEVICE_FAMILY = "1,2";
			};
			name = Release;
		};
/* End XCBuildConfiguration section */

/* Begin XCConfigurationList section */
		1D88D2EE28FD8B5300FDC7EE /* Build configuration list for PBXProject "CaruoselView" */ = {
			isa = XCConfigurationList;
			buildConfigurations = (
				1D88D2FF28FD8B5400FDC7EE /* Debug */,
				1D88D30028FD8B5400FDC7EE /* Release */,
			);
			defaultConfigurationIsVisible = 0;
			defaultConfigurationName = Release;
		};
		1D88D30128FD8B5400FDC7EE /* Build configuration list for PBXNativeTarget "CaruoselView" */ = {
			isa = XCConfigurationList;
			buildConfigurations = (
				1D88D30228FD8B5400FDC7EE /* Debug */,
				1D88D30328FD8B5400FDC7EE /* Release */,
			);
			defaultConfigurationIsVisible = 0;
			defaultConfigurationName = Release;
		};
/* End XCConfigurationList section */
	};
	rootObject = 1D88D2EB28FD8B5300FDC7EE /* Project object */;
}
